# This file is automatically @generated by Cargo.
# It is not intended for manual editing.
version = 3

[[package]]
name = "aho-corasick"
version = "0.7.18"
source = "registry+https://github.com/rust-lang/crates.io-index"
checksum = "1e37cfd5e7657ada45f742d6e99ca5788580b5c529dc78faf11ece6dc702656f"
dependencies = [
 "memchr",
]

[[package]]
name = "memchr"
version = "2.4.0"
source = "registry+https://github.com/rust-lang/crates.io-index"
checksum = "b16bd47d9e329435e309c58469fe0791c2d0d1ba96ec0954152a5ae2b04387dc"

[[package]]
name = "reg-file-parser"
version = "0.1.0"
dependencies = [
 "regex",
 "string-builder",
]

[[package]]
name = "regex"
version = "1.5.2"
source = "registry+https://github.com/rust-lang/crates.io-index"
checksum = "1efb2352a0f4d4b128f734b5c44c79ff80117351138733f12f982fe3e2b13343"
dependencies = [
 "aho-corasick",
 "memchr",
 "regex-syntax",
]

[[package]]
name = "regex-syntax"
version = "0.6.24"
source = "registry+https://github.com/rust-lang/crates.io-index"
checksum = "00efb87459ba4f6fb2169d20f68565555688e1250ee6825cdf6254f8b48fafb2"

[[package]]
name = "string-builder"
version = "0.2.0"
source = "registry+https://github.com/rust-lang/crates.io-index"
checksum = "2bd10a070fb1f2796a288abec42695db4682a82b6f12ffacd60fb8d5ad3a4a12"
